// !$*UTF8*$!
{
	archiveVersion = 1;
	classes = {
	};
	objectVersion = 46;
	objects = {

/* Begin PBXBuildFile section */
		860AFC4C1F5C2204009B00D5 /* AppDelegate.swift in Sources */ = {isa = PBXBuildFile; fileRef = 860AFC4B1F5C2204009B00D5 /* AppDelegate.swift */; };
		860AFC511F5C2204009B00D5 /* Main.storyboard in Resources */ = {isa = PBXBuildFile; fileRef = 860AFC4F1F5C2204009B00D5 /* Main.storyboard */; };
		860AFC541F5C2204009B00D5 /* BBallStatsFromScratch.xcdatamodeld in Sources */ = {isa = PBXBuildFile; fileRef = 860AFC521F5C2204009B00D5 /* BBallStatsFromScratch.xcdatamodeld */; };
		860AFC561F5C2204009B00D5 /* Assets.xcassets in Resources */ = {isa = PBXBuildFile; fileRef = 860AFC551F5C2204009B00D5 /* Assets.xcassets */; };
		860AFC591F5C2204009B00D5 /* LaunchScreen.storyboard in Resources */ = {isa = PBXBuildFile; fileRef = 860AFC571F5C2204009B00D5 /* LaunchScreen.storyboard */; };
		860AFC621F5C23DE009B00D5 /* BballStatsJerseyBlack.png in Resources */ = {isa = PBXBuildFile; fileRef = 860AFC601F5C23DE009B00D5 /* BballStatsJerseyBlack.png */; };
		860AFC631F5C23DE009B00D5 /* BballStatsJerseyWhite.png in Resources */ = {isa = PBXBuildFile; fileRef = 860AFC611F5C23DE009B00D5 /* BballStatsJerseyWhite.png */; };
		860AFC671F5C24F5009B00D5 /* WhoMadeItViewController.swift in Sources */ = {isa = PBXBuildFile; fileRef = 860AFC661F5C24F5009B00D5 /* WhoMadeItViewController.swift */; };
		860AFC691F5C250C009B00D5 /* SubstitutionViewController.swift in Sources */ = {isa = PBXBuildFile; fileRef = 860AFC681F5C250C009B00D5 /* SubstitutionViewController.swift */; };
		860AFC6B1F5C251C009B00D5 /* BreakViewController.swift in Sources */ = {isa = PBXBuildFile; fileRef = 860AFC6A1F5C251C009B00D5 /* BreakViewController.swift */; };
		86D26D791F6A90F40072FAC6 /* SettingsViewController.swift in Sources */ = {isa = PBXBuildFile; fileRef = 86D26D781F6A90F40072FAC6 /* SettingsViewController.swift */; };
		86D26D7B1F6A91DF0072FAC6 /* WhatHappendViewController.swift in Sources */ = {isa = PBXBuildFile; fileRef = 86D26D7A1F6A91DF0072FAC6 /* WhatHappendViewController.swift */; };
		86FBCB5C1F6B019A003C3007 /* WhoMadeItBothTeamsViewController.swift in Sources */ = {isa = PBXBuildFile; fileRef = 86FBCB5B1F6B019A003C3007 /* WhoMadeItBothTeamsViewController.swift */; };
/* End PBXBuildFile section */

/* Begin PBXFileReference section */
		860AFC481F5C2204009B00D5 /* BBallStatsFromScratch.app */ = {isa = PBXFileReference; explicitFileType = wrapper.application; includeInIndex = 0; path = BBallStatsFromScratch.app; sourceTree = BUILT_PRODUCTS_DIR; };
		860AFC4B1F5C2204009B00D5 /* AppDelegate.swift */ = {isa = PBXFileReference; lastKnownFileType = sourcecode.swift; path = AppDelegate.swift; sourceTree = "<group>"; };
		860AFC501F5C2204009B00D5 /* Base */ = {isa = PBXFileReference; lastKnownFileType = file.storyboard; name = Base; path = Base.lproj/Main.storyboard; sourceTree = "<group>"; };
		860AFC531F5C2204009B00D5 /* BBallStatsFromScratch.xcdatamodel */ = {isa = PBXFileReference; lastKnownFileType = wrapper.xcdatamodel; path = BBallStatsFromScratch.xcdatamodel; sourceTree = "<group>"; };
		860AFC551F5C2204009B00D5 /* Assets.xcassets */ = {isa = PBXFileReference; lastKnownFileType = folder.assetcatalog; path = Assets.xcassets; sourceTree = "<group>"; };
		860AFC581F5C2204009B00D5 /* Base */ = {isa = PBXFileReference; lastKnownFileType = file.storyboard; name = Base; path = Base.lproj/LaunchScreen.storyboard; sourceTree = "<group>"; };
		860AFC5A1F5C2204009B00D5 /* Info.plist */ = {isa = PBXFileReference; lastKnownFileType = text.plist.xml; path = Info.plist; sourceTree = "<group>"; };
		860AFC601F5C23DE009B00D5 /* BballStatsJerseyBlack.png */ = {isa = PBXFileReference; lastKnownFileType = image.png; path = BballStatsJerseyBlack.png; sourceTree = "<group>"; };
		860AFC611F5C23DE009B00D5 /* BballStatsJerseyWhite.png */ = {isa = PBXFileReference; lastKnownFileType = image.png; path = BballStatsJerseyWhite.png; sourceTree = "<group>"; };
		860AFC661F5C24F5009B00D5 /* WhoMadeItViewController.swift */ = {isa = PBXFileReference; fileEncoding = 4; lastKnownFileType = sourcecode.swift; path = WhoMadeItViewController.swift; sourceTree = "<group>"; };
		860AFC681F5C250C009B00D5 /* SubstitutionViewController.swift */ = {isa = PBXFileReference; fileEncoding = 4; lastKnownFileType = sourcecode.swift; path = SubstitutionViewController.swift; sourceTree = "<group>"; };
		860AFC6A1F5C251C009B00D5 /* BreakViewController.swift */ = {isa = PBXFileReference; fileEncoding = 4; lastKnownFileType = sourcecode.swift; path = BreakViewController.swift; sourceTree = "<group>"; };
		86D26D781F6A90F40072FAC6 /* SettingsViewController.swift */ = {isa = PBXFileReference; fileEncoding = 4; lastKnownFileType = sourcecode.swift; path = SettingsViewController.swift; sourceTree = "<group>"; };
		86D26D7A1F6A91DF0072FAC6 /* WhatHappendViewController.swift */ = {isa = PBXFileReference; fileEncoding = 4; lastKnownFileType = sourcecode.swift; path = WhatHappendViewController.swift; sourceTree = "<group>"; };
		86FBCB5B1F6B019A003C3007 /* WhoMadeItBothTeamsViewController.swift */ = {isa = PBXFileReference; fileEncoding = 4; lastKnownFileType = sourcecode.swift; path = WhoMadeItBothTeamsViewController.swift; sourceTree = "<group>"; };
/* End PBXFileReference section */

/* Begin PBXFrameworksBuildPhase section */
		860AFC451F5C2204009B00D5 /* Frameworks */ = {
			isa = PBXFrameworksBuildPhase;
			buildActionMask = 2147483647;
			files = (
			);
			runOnlyForDeploymentPostprocessing = 0;
		};
/* End PBXFrameworksBuildPhase section */

/* Begin PBXGroup section */
		860AFC3F1F5C2204009B00D5 = {
			isa = PBXGroup;
			children = (
				860AFC4A1F5C2204009B00D5 /* BBallStatsFromScratch */,
				860AFC491F5C2204009B00D5 /* Products */,
			);
			sourceTree = "<group>";
		};
		860AFC491F5C2204009B00D5 /* Products */ = {
			isa = PBXGroup;
			children = (
				860AFC481F5C2204009B00D5 /* BBallStatsFromScratch.app */,
			);
			name = Products;
			sourceTree = "<group>";
		};
		860AFC4A1F5C2204009B00D5 /* BBallStatsFromScratch */ = {
			isa = PBXGroup;
			children = (
				860AFC4B1F5C2204009B00D5 /* AppDelegate.swift */,
				86D26D781F6A90F40072FAC6 /* SettingsViewController.swift */,
				86D26D7A1F6A91DF0072FAC6 /* WhatHappendViewController.swift */,
				860AFC661F5C24F5009B00D5 /* WhoMadeItViewController.swift */,
				86FBCB5B1F6B019A003C3007 /* WhoMadeItBothTeamsViewController.swift */,
				860AFC681F5C250C009B00D5 /* SubstitutionViewController.swift */,
				860AFC6A1F5C251C009B00D5 /* BreakViewController.swift */,
				860AFC4F1F5C2204009B00D5 /* Main.storyboard */,
				860AFC551F5C2204009B00D5 /* Assets.xcassets */,
				860AFC571F5C2204009B00D5 /* LaunchScreen.storyboard */,
				860AFC5A1F5C2204009B00D5 /* Info.plist */,
				860AFC521F5C2204009B00D5 /* BBallStatsFromScratch.xcdatamodeld */,
				860AFC601F5C23DE009B00D5 /* BballStatsJerseyBlack.png */,
				860AFC611F5C23DE009B00D5 /* BballStatsJerseyWhite.png */,
			);
			path = BBallStatsFromScratch;
			sourceTree = "<group>";
		};
/* End PBXGroup section */

/* Begin PBXNativeTarget section */
		860AFC471F5C2204009B00D5 /* BBallStatsFromScratch */ = {
			isa = PBXNativeTarget;
			buildConfigurationList = 860AFC5D1F5C2204009B00D5 /* Build configuration list for PBXNativeTarget "BBallStatsFromScratch" */;
			buildPhases = (
				860AFC441F5C2204009B00D5 /* Sources */,
				860AFC451F5C2204009B00D5 /* Frameworks */,
				860AFC461F5C2204009B00D5 /* Resources */,
			);
			buildRules = (
			);
			dependencies = (
			);
			name = BBallStatsFromScratch;
			productName = BBallStatsFromScratch;
			productReference = 860AFC481F5C2204009B00D5 /* BBallStatsFromScratch.app */;
			productType = "com.apple.product-type.application";
		};
/* End PBXNativeTarget section */

/* Begin PBXProject section */
		860AFC401F5C2204009B00D5 /* Project object */ = {
			isa = PBXProject;
			attributes = {
				LastSwiftUpdateCheck = 0800;
				LastUpgradeCheck = 0800;
				ORGANIZATIONNAME = "Fred Erik";
				TargetAttributes = {
					860AFC471F5C2204009B00D5 = {
						CreatedOnToolsVersion = 8.0;
						ProvisioningStyle = Automatic;
					};
				};
			};
			buildConfigurationList = 860AFC431F5C2204009B00D5 /* Build configuration list for PBXProject "BBallStatsFromScratch" */;
			compatibilityVersion = "Xcode 3.2";
			developmentRegion = English;
			hasScannedForEncodings = 0;
			knownRegions = (
				en,
				Base,
			);
			mainGroup = 860AFC3F1F5C2204009B00D5;
			productRefGroup = 860AFC491F5C2204009B00D5 /* Products */;
			projectDirPath = "";
			projectRoot = "";
			targets = (
				860AFC471F5C2204009B00D5 /* BBallStatsFromScratch */,
			);
		};
/* End PBXProject section */

/* Begin PBXResourcesBuildPhase section */
		860AFC461F5C2204009B00D5 /* Resources */ = {
			isa = PBXResourcesBuildPhase;
			buildActionMask = 2147483647;
			files = (
				860AFC631F5C23DE009B00D5 /* BballStatsJerseyWhite.png in Resources */,
				860AFC591F5C2204009B00D5 /* LaunchScreen.storyboard in Resources */,
				860AFC561F5C2204009B00D5 /* Assets.xcassets in Resources */,
				860AFC511F5C2204009B00D5 /* Main.storyboard in Resources */,
				860AFC621F5C23DE009B00D5 /* BballStatsJerseyBlack.png in Resources */,
			);
			runOnlyForDeploymentPostprocessing = 0;
		};
/* End PBXResourcesBuildPhase section */

/* Begin PBXSourcesBuildPhase section */
		860AFC441F5C2204009B00D5 /* Sources */ = {
			isa = PBXSourcesBuildPhase;
			buildActionMask = 2147483647;
			files = (
				860AFC691F5C250C009B00D5 /* SubstitutionViewController.swift in Sources */,
				86FBCB5C1F6B019A003C3007 /* WhoMadeItBothTeamsViewController.swift in Sources */,
				860AFC671F5C24F5009B00D5 /* WhoMadeItViewController.swift in Sources */,
				86D26D791F6A90F40072FAC6 /* SettingsViewController.swift in Sources */,
				860AFC541F5C2204009B00D5 /* BBallStatsFromScratch.xcdatamodeld in Sources */,
				860AFC6B1F5C251C009B00D5 /* BreakViewController.swift in Sources */,
				86D26D7B1F6A91DF0072FAC6 /* WhatHappendViewController.swift in Sources */,
				860AFC4C1F5C2204009B00D5 /* AppDelegate.swift in Sources */,
			);
			runOnlyForDeploymentPostprocessing = 0;
		};
/* End PBXSourcesBuildPhase section */

/* Begin PBXVariantGroup section */
		860AFC4F1F5C2204009B00D5 /* Main.storyboard */ = {
			isa = PBXVariantGroup;
			children = (
				860AFC501F5C2204009B00D5 /* Base */,
			);
			name = Main.storyboard;
			sourceTree = "<group>";
		};
		860AFC571F5C2204009B00D5 /* LaunchScreen.storyboard */ = {
			isa = PBXVariantGroup;
			children = (
				860AFC581F5C2204009B00D5 /* Base */,
			);
			name = LaunchScreen.storyboard;
			sourceTree = "<group>";
		};
/* End PBXVariantGroup section */

/* Begin XCBuildConfiguration section */
		860AFC5B1F5C2204009B00D5 /* Debug */ = {
			isa = XCBuildConfiguration;
			buildSettings = {
				ALWAYS_SEARCH_USER_PATHS = NO;
				CLANG_ANALYZER_NONNULL = YES;
				CLANG_CXX_LANGUAGE_STANDARD = "gnu++0x";
				CLANG_CXX_LIBRARY = "libc++";
				CLANG_ENABLE_MODULES = YES;
				CLANG_ENABLE_OBJC_ARC = YES;
				CLANG_WARN_BOOL_CONVERSION = YES;
				CLANG_WARN_CONSTANT_CONVERSION = YES;
				CLANG_WARN_DIRECT_OBJC_ISA_USAGE = YES_ERROR;
				CLANG_WARN_DOCUMENTATION_COMMENTS = YES;
				CLANG_WARN_EMPTY_BODY = YES;
				CLANG_WARN_ENUM_CONVERSION = YES;
				CLANG_WARN_INFINITE_RECURSION = YES;
				CLANG_WARN_INT_CONVERSION = YES;
				CLANG_WARN_OBJC_ROOT_CLASS = YES_ERROR;
				CLANG_WARN_SUSPICIOUS_MOVES = YES;
				CLANG_WARN_UNREACHABLE_CODE = YES;
				CLANG_WARN__DUPLICATE_METHOD_MATCH = YES;
				"CODE_SIGN_IDENTITY[sdk=iphoneos*]" = "iPhone Developer";
				COPY_PHASE_STRIP = NO;
				DEBUG_INFORMATION_FORMAT = dwarf;
				ENABLE_STRICT_OBJC_MSGSEND = YES;
				ENABLE_TESTABILITY = YES;
				GCC_C_LANGUAGE_STANDARD = gnu99;
				GCC_DYNAMIC_NO_PIC = NO;
				GCC_NO_COMMON_BLOCKS = YES;
				GCC_OPTIMIZATION_LEVEL = 0;
				GCC_PREPROCESSOR_DEFINITIONS = (
					"DEBUG=1",
					"$(inherited)",
				);
				GCC_WARN_64_TO_32_BIT_CONVERSION = YES;
				GCC_WARN_ABOUT_RETURN_TYPE = YES_ERROR;
				GCC_WARN_UNDECLARED_SELECTOR = YES;
				GCC_WARN_UNINITIALIZED_AUTOS = YES_AGGRESSIVE;
				GCC_WARN_UNUSED_FUNCTION = YES;
				GCC_WARN_UNUSED_VARIABLE = YES;
				IPHONEOS_DEPLOYMENT_TARGET = 10.0;
				MTL_ENABLE_DEBUG_INFO = YES;
				ONLY_ACTIVE_ARCH = YES;
				SDKROOT = iphoneos;
				SWIFT_ACTIVE_COMPILATION_CONDITIONS = DEBUG;
				SWIFT_OPTIMIZATION_LEVEL = "-Onone";
				TARGETED_DEVICE_FAMILY = "1,2";
			};
			name = Debug;
		};
		860AFC5C1F5C2204009B00D5 /* Release */ = {
			isa = XCBuildConfiguration;
			buildSettings = {
				ALWAYS_SEARCH_USER_PATHS = NO;
				CLANG_ANALYZER_NONNULL = YES;
				CLANG_CXX_LANGUAGE_STANDARD = "gnu++0x";
				CLANG_CXX_LIBRARY = "libc++";
				CLANG_ENABLE_MODULES = YES;
				CLANG_ENABLE_OBJC_ARC = YES;
				CLANG_WARN_BOOL_CONVERSION = YES;
				CLANG_WARN_CONSTANT_CONVERSION = YES;
				CLANG_WARN_DIRECT_OBJC_ISA_USAGE = YES_ERROR;
				CLANG_WARN_DOCUMENTATION_COMMENTS = YES;
				CLANG_WARN_EMPTY_BODY = YES;
				CLANG_WARN_ENUM_CONVERSION = YES;
				CLANG_WARN_INFINITE_RECURSION = YES;
				CLANG_WARN_INT_CONVERSION = YES;
				CLANG_WARN_OBJC_ROOT_CLASS = YES_ERROR;
				CLANG_WARN_SUSPICIOUS_MOVES = YES;
				CLANG_WARN_UNREACHABLE_CODE = YES;
				CLANG_WARN__DUPLICATE_METHOD_MATCH = YES;
				"CODE_SIGN_IDENTITY[sdk=iphoneos*]" = "iPhone Developer";
				COPY_PHASE_STRIP = NO;
				DEBUG_INFORMATION_FORMAT = "dwarf-with-dsym";
				ENABLE_NS_ASSERTIONS = NO;
				ENABLE_STRICT_OBJC_MSGSEND = YES;
				GCC_C_LANGUAGE_STANDARD = gnu99;
				GCC_NO_COMMON_BLOCKS = YES;
				GCC_WARN_64_TO_32_BIT_CONVERSION = YES;
				GCC_WARN_ABOUT_RETURN_TYPE = YES_ERROR;
				GCC_WARN_UNDECLARED_SELECTOR = YES;
				GCC_WARN_UNINITIALIZED_AUTOS = YES_AGGRESSIVE;
				GCC_WARN_UNUSED_FUNCTION = YES;
				GCC_WARN_UNUSED_VARIABLE = YES;
				IPHONEOS_DEPLOYMENT_TARGET = 10.0;
				MTL_ENABLE_DEBUG_INFO = NO;
				SDKROOT = iphoneos;
				SWIFT_OPTIMIZATION_LEVEL = "-Owholemodule";
				TARGETED_DEVICE_FAMILY = "1,2";
				VALIDATE_PRODUCT = YES;
			};
			name = Release;
		};
		860AFC5E1F5C2204009B00D5 /* Debug */ = {
			isa = XCBuildConfiguration;
			buildSettings = {
				ASSETCATALOG_COMPILER_APPICON_NAME = AppIcon;
				INFOPLIST_FILE = BBallStatsFromScratch/Info.plist;
				LD_RUNPATH_SEARCH_PATHS = "$(inherited) @executable_path/Frameworks";
				PRODUCT_BUNDLE_IDENTIFIER = de.bballstats.BBallStatsFromScratch;
				PRODUCT_NAME = "$(TARGET_NAME)";
				SWIFT_VERSION = 3.0;
			};
			name = Debug;
		};
		860AFC5F1F5C2204009B00D5 /* Release */ = {
			isa = XCBuildConfiguration;
			buildSettings = {
				ASSETCATALOG_COMPILER_APPICON_NAME = AppIcon;
				INFOPLIST_FILE = BBallStatsFromScratch/Info.plist;
				LD_RUNPATH_SEARCH_PATHS = "$(inherited) @executable_path/Frameworks";
				PRODUCT_BUNDLE_IDENTIFIER = de.bballstats.BBallStatsFromScratch;
				PRODUCT_NAME = "$(TARGET_NAME)";
				SWIFT_VERSION = 3.0;
			};
			name = Release;
		};
/* End XCBuildConfiguration section */

/* Begin XCConfigurationList section */
		860AFC431F5C2204009B00D5 /* Build configuration list for PBXProject "BBallStatsFromScratch" */ = {
			isa = XCConfigurationList;
			buildConfigurations = (
				860AFC5B1F5C2204009B00D5 /* Debug */,
				860AFC5C1F5C2204009B00D5 /* Release */,
			);
			defaultConfigurationIsVisible = 0;
			defaultConfigurationName = Release;
		};
		860AFC5D1F5C2204009B00D5 /* Build configuration list for PBXNativeTarget "BBallStatsFromScratch" */ = {
			isa = XCConfigurationList;
			buildConfigurations = (
				860AFC5E1F5C2204009B00D5 /* Debug */,
				860AFC5F1F5C2204009B00D5 /* Release */,
			);
			defaultConfigurationIsVisible = 0;
			defaultConfigurationName = Release;
		};
/* End XCConfigurationList section */

/* Begin XCVersionGroup section */
		860AFC521F5C2204009B00D5 /* BBallStatsFromScratch.xcdatamodeld */ = {
			isa = XCVersionGroup;
			children = (
				860AFC531F5C2204009B00D5 /* BBallStatsFromScratch.xcdatamodel */,
			);
			currentVersion = 860AFC531F5C2204009B00D5 /* BBallStatsFromScratch.xcdatamodel */;
			path = BBallStatsFromScratch.xcdatamodeld;
			sourceTree = "<group>";
			versionGroupType = wrapper.xcdatamodel;
		};
/* End XCVersionGroup section */
	};
	rootObject = 860AFC401F5C2204009B00D5 /* Project object */;
}
